// !$*UTF8*$!
{
	archiveVersion = 1;
	classes = {
	};
	objectVersion = 50;
	objects = {

/* Begin PBXBuildFile section */
		2447ADA326B3752F0055E075 /* SoundModel.swift in Sources */ = {isa = PBXBuildFile; fileRef = 2447ADA226B3752F0055E075 /* SoundModel.swift */; };
		245AF47326B12A6E0094F1EC /* PauseButtonView.swift in Sources */ = {isa = PBXBuildFile; fileRef = 245AF47226B12A6E0094F1EC /* PauseButtonView.swift */; };
		245AF47526B15BBC0094F1EC /* restartButtonView.swift in Sources */ = {isa = PBXBuildFile; fileRef = 245AF47426B15BBC0094F1EC /* restartButtonView.swift */; };
		245AF47726B273E10094F1EC /* FinishPomodoroView.swift in Sources */ = {isa = PBXBuildFile; fileRef = 245AF47626B273E10094F1EC /* FinishPomodoroView.swift */; };
		24662DEB26A995E0003228B4 /* PomodoroTimerApp.swift in Sources */ = {isa = PBXBuildFile; fileRef = 24662DEA26A995E0003228B4 /* PomodoroTimerApp.swift */; };
		24662DED26A995E0003228B4 /* ContentView.swift in Sources */ = {isa = PBXBuildFile; fileRef = 24662DEC26A995E0003228B4 /* ContentView.swift */; };
		24662DEF26A995E0003228B4 /* Assets.xcassets in Resources */ = {isa = PBXBuildFile; fileRef = 24662DEE26A995E0003228B4 /* Assets.xcassets */; };
		24662DF226A995E0003228B4 /* Preview Assets.xcassets in Resources */ = {isa = PBXBuildFile; fileRef = 24662DF126A995E0003228B4 /* Preview Assets.xcassets */; };
		24662E2926A996C6003228B4 /* TimerModel.swift in Sources */ = {isa = PBXBuildFile; fileRef = 24662E2826A996C6003228B4 /* TimerModel.swift */; };
		24662E2C26A99AB6003228B4 /* TimerStatus.swift in Sources */ = {isa = PBXBuildFile; fileRef = 24662E2B26A99AB6003228B4 /* TimerStatus.swift */; };
		24662E2E26AD685A003228B4 /* TimerView.swift in Sources */ = {isa = PBXBuildFile; fileRef = 24662E2D26AD685A003228B4 /* TimerView.swift */; };
		24662E3226AD6955003228B4 /* RoomModel.swift in Sources */ = {isa = PBXBuildFile; fileRef = 24662E3126AD6955003228B4 /* RoomModel.swift */; };
		24662E3426AD69FE003228B4 /* RoomData.swift in Sources */ = {isa = PBXBuildFile; fileRef = 24662E3326AD69FE003228B4 /* RoomData.swift */; };
		24662E3626AD6C31003228B4 /* RoomCardView.swift in Sources */ = {isa = PBXBuildFile; fileRef = 24662E3526AD6C31003228B4 /* RoomCardView.swift */; };
		24662E3926AE9CB6003228B4 /* EnteringButtonView.swift in Sources */ = {isa = PBXBuildFile; fileRef = 24662E3826AE9CB6003228B4 /* EnteringButtonView.swift */; };
		24662E3F26AEAFD7003228B4 /* PickerView.swift in Sources */ = {isa = PBXBuildFile; fileRef = 24662E3E26AEAFD7003228B4 /* PickerView.swift */; };
		24662E4126AEBAF7003228B4 /* StartButtonView.swift in Sources */ = {isa = PBXBuildFile; fileRef = 24662E4026AEBAF7003228B4 /* StartButtonView.swift */; };
		24662E4326AF830D003228B4 /* ProgressBarView.swift in Sources */ = {isa = PBXBuildFile; fileRef = 24662E4226AF830D003228B4 /* ProgressBarView.swift */; };
		24662E4526AF86B2003228B4 /* StopButtonView.swift in Sources */ = {isa = PBXBuildFile; fileRef = 24662E4426AF86B2003228B4 /* StopButtonView.swift */; };
		24749E9B26B4D95200C2870A /* 森.mp3 in Resources */ = {isa = PBXBuildFile; fileRef = 24749E9A26B4D95200C2870A /* 森.mp3 */; };
		24749E9D26B4DADA00C2870A /* 海.mp3 in Resources */ = {isa = PBXBuildFile; fileRef = 24749E9C26B4DADA00C2870A /* 海.mp3 */; };
		24749E9F26B4DAE600C2870A /* 火.mp3 in Resources */ = {isa = PBXBuildFile; fileRef = 24749E9E26B4DAE600C2870A /* 火.mp3 */; };
		24749EA126B4DAF000C2870A /* 休憩.mp3 in Resources */ = {isa = PBXBuildFile; fileRef = 24749EA026B4DAF000C2870A /* 休憩.mp3 */; };
		2480320A26AFCE73005F137E /* TimeView.swift in Sources */ = {isa = PBXBuildFile; fileRef = 2480320926AFCE73005F137E /* TimeView.swift */; };
		2480320C26B01FD2005F137E /* PomodoroView.swift in Sources */ = {isa = PBXBuildFile; fileRef = 2480320B26B01FD2005F137E /* PomodoroView.swift */; };
		24AA7FEC26B3BEA2005B9367 /* SettingsView.swift in Sources */ = {isa = PBXBuildFile; fileRef = 24AA7FEB26B3BEA2005B9367 /* SettingsView.swift */; };
		24AA7FEE26B3C0A9005B9367 /* SettingsButtonView.swift in Sources */ = {isa = PBXBuildFile; fileRef = 24AA7FED26B3C0A9005B9367 /* SettingsButtonView.swift */; };
		24AA7FF026B3CAFD005B9367 /* BGColorView.swift in Sources */ = {isa = PBXBuildFile; fileRef = 24AA7FEF26B3CAFD005B9367 /* BGColorView.swift */; };
		24AA7FF226B3E8D3005B9367 /* BackButtonView.swift in Sources */ = {isa = PBXBuildFile; fileRef = 24AA7FF126B3E8D3005B9367 /* BackButtonView.swift */; };
/* End PBXBuildFile section */

/* Begin PBXCopyFilesBuildPhase section */
		24662E2126A995E2003228B4 /* Embed Watch Content */ = {
			isa = PBXCopyFilesBuildPhase;
			buildActionMask = 2147483647;
			dstPath = "$(CONTENTS_FOLDER_PATH)/Watch";
			dstSubfolderSpec = 16;
			files = (
			);
			name = "Embed Watch Content";
			runOnlyForDeploymentPostprocessing = 0;
		};
/* End PBXCopyFilesBuildPhase section */

/* Begin PBXFileReference section */
		2447ADA226B3752F0055E075 /* SoundModel.swift */ = {isa = PBXFileReference; lastKnownFileType = sourcecode.swift; path = SoundModel.swift; sourceTree = "<group>"; };
		245AF47226B12A6E0094F1EC /* PauseButtonView.swift */ = {isa = PBXFileReference; lastKnownFileType = sourcecode.swift; path = PauseButtonView.swift; sourceTree = "<group>"; };
		245AF47426B15BBC0094F1EC /* restartButtonView.swift */ = {isa = PBXFileReference; lastKnownFileType = sourcecode.swift; path = restartButtonView.swift; sourceTree = "<group>"; };
		245AF47626B273E10094F1EC /* FinishPomodoroView.swift */ = {isa = PBXFileReference; lastKnownFileType = sourcecode.swift; path = FinishPomodoroView.swift; sourceTree = "<group>"; };
		24662DE726A995E0003228B4 /* PomodoroTimer.app */ = {isa = PBXFileReference; explicitFileType = wrapper.application; includeInIndex = 0; path = PomodoroTimer.app; sourceTree = BUILT_PRODUCTS_DIR; };
		24662DEA26A995E0003228B4 /* PomodoroTimerApp.swift */ = {isa = PBXFileReference; lastKnownFileType = sourcecode.swift; path = PomodoroTimerApp.swift; sourceTree = "<group>"; };
		24662DEC26A995E0003228B4 /* ContentView.swift */ = {isa = PBXFileReference; lastKnownFileType = sourcecode.swift; path = ContentView.swift; sourceTree = "<group>"; };
		24662DEE26A995E0003228B4 /* Assets.xcassets */ = {isa = PBXFileReference; lastKnownFileType = folder.assetcatalog; path = Assets.xcassets; sourceTree = "<group>"; };
		24662DF126A995E0003228B4 /* Preview Assets.xcassets */ = {isa = PBXFileReference; lastKnownFileType = folder.assetcatalog; path = "Preview Assets.xcassets"; sourceTree = "<group>"; };
		24662DF326A995E0003228B4 /* Info.plist */ = {isa = PBXFileReference; lastKnownFileType = text.plist.xml; path = Info.plist; sourceTree = "<group>"; };
		24662E2826A996C6003228B4 /* TimerModel.swift */ = {isa = PBXFileReference; lastKnownFileType = sourcecode.swift; path = TimerModel.swift; sourceTree = "<group>"; };
		24662E2B26A99AB6003228B4 /* TimerStatus.swift */ = {isa = PBXFileReference; lastKnownFileType = sourcecode.swift; path = TimerStatus.swift; sourceTree = "<group>"; };
		24662E2D26AD685A003228B4 /* TimerView.swift */ = {isa = PBXFileReference; lastKnownFileType = sourcecode.swift; path = TimerView.swift; sourceTree = "<group>"; };
		24662E3126AD6955003228B4 /* RoomModel.swift */ = {isa = PBXFileReference; lastKnownFileType = sourcecode.swift; path = RoomModel.swift; sourceTree = "<group>"; };
		24662E3326AD69FE003228B4 /* RoomData.swift */ = {isa = PBXFileReference; lastKnownFileType = sourcecode.swift; path = RoomData.swift; sourceTree = "<group>"; };
		24662E3526AD6C31003228B4 /* RoomCardView.swift */ = {isa = PBXFileReference; lastKnownFileType = sourcecode.swift; path = RoomCardView.swift; sourceTree = "<group>"; };
		24662E3826AE9CB6003228B4 /* EnteringButtonView.swift */ = {isa = PBXFileReference; lastKnownFileType = sourcecode.swift; path = EnteringButtonView.swift; sourceTree = "<group>"; };
		24662E3E26AEAFD7003228B4 /* PickerView.swift */ = {isa = PBXFileReference; lastKnownFileType = sourcecode.swift; path = PickerView.swift; sourceTree = "<group>"; };
		24662E4026AEBAF7003228B4 /* StartButtonView.swift */ = {isa = PBXFileReference; lastKnownFileType = sourcecode.swift; path = StartButtonView.swift; sourceTree = "<group>"; };
		24662E4226AF830D003228B4 /* ProgressBarView.swift */ = {isa = PBXFileReference; lastKnownFileType = sourcecode.swift; path = ProgressBarView.swift; sourceTree = "<group>"; };
		24662E4426AF86B2003228B4 /* StopButtonView.swift */ = {isa = PBXFileReference; lastKnownFileType = sourcecode.swift; path = StopButtonView.swift; sourceTree = "<group>"; };
		24749E9A26B4D95200C2870A /* 森.mp3 */ = {isa = PBXFileReference; lastKnownFileType = audio.mp3; name = "森.mp3"; path = "BGM/森.mp3"; sourceTree = SOURCE_ROOT; };
		24749E9C26B4DADA00C2870A /* 海.mp3 */ = {isa = PBXFileReference; lastKnownFileType = audio.mp3; name = "海.mp3"; path = "BGM/海.mp3"; sourceTree = SOURCE_ROOT; };
		24749E9E26B4DAE600C2870A /* 火.mp3 */ = {isa = PBXFileReference; lastKnownFileType = audio.mp3; name = "火.mp3"; path = "BGM/火.mp3"; sourceTree = SOURCE_ROOT; };
		24749EA026B4DAF000C2870A /* 休憩.mp3 */ = {isa = PBXFileReference; lastKnownFileType = audio.mp3; name = "休憩.mp3"; path = "BGM/休憩.mp3"; sourceTree = SOURCE_ROOT; };
		2480320926AFCE73005F137E /* TimeView.swift */ = {isa = PBXFileReference; lastKnownFileType = sourcecode.swift; path = TimeView.swift; sourceTree = "<group>"; };
		2480320B26B01FD2005F137E /* PomodoroView.swift */ = {isa = PBXFileReference; lastKnownFileType = sourcecode.swift; path = PomodoroView.swift; sourceTree = "<group>"; };
		24AA7FEB26B3BEA2005B9367 /* SettingsView.swift */ = {isa = PBXFileReference; lastKnownFileType = sourcecode.swift; path = SettingsView.swift; sourceTree = "<group>"; };
		24AA7FED26B3C0A9005B9367 /* SettingsButtonView.swift */ = {isa = PBXFileReference; lastKnownFileType = sourcecode.swift; path = SettingsButtonView.swift; sourceTree = "<group>"; };
		24AA7FEF26B3CAFD005B9367 /* BGColorView.swift */ = {isa = PBXFileReference; lastKnownFileType = sourcecode.swift; path = BGColorView.swift; sourceTree = "<group>"; };
		24AA7FF126B3E8D3005B9367 /* BackButtonView.swift */ = {isa = PBXFileReference; lastKnownFileType = sourcecode.swift; path = BackButtonView.swift; sourceTree = "<group>"; };
/* End PBXFileReference section */

/* Begin PBXFrameworksBuildPhase section */
		24662DE426A995E0003228B4 /* Frameworks */ = {
			isa = PBXFrameworksBuildPhase;
			buildActionMask = 2147483647;
			files = (
			);
			runOnlyForDeploymentPostprocessing = 0;
		};
/* End PBXFrameworksBuildPhase section */

/* Begin PBXGroup section */
		24662DDE26A995DF003228B4 = {
			isa = PBXGroup;
			children = (
				24662DE926A995E0003228B4 /* PomodoroTimer */,
				24662DE826A995E0003228B4 /* Products */,
			);
			sourceTree = "<group>";
		};
		24662DE826A995E0003228B4 /* Products */ = {
			isa = PBXGroup;
			children = (
				24662DE726A995E0003228B4 /* PomodoroTimer.app */,
			);
			name = Products;
			sourceTree = "<group>";
		};
		24662DE926A995E0003228B4 /* PomodoroTimer */ = {
			isa = PBXGroup;
			children = (
				24662E2526A99640003228B4 /* App */,
				24662E2A26A997F5003228B4 /* Data */,
				24662E2726A9965B003228B4 /* Model */,
				24662E2626A9964D003228B4 /* View */,
				24662DEE26A995E0003228B4 /* Assets.xcassets */,
				24662DF326A995E0003228B4 /* Info.plist */,
				24662DF026A995E0003228B4 /* Preview Content */,
			);
			path = PomodoroTimer;
			sourceTree = "<group>";
		};
		24662DF026A995E0003228B4 /* Preview Content */ = {
			isa = PBXGroup;
			children = (
				24662DF126A995E0003228B4 /* Preview Assets.xcassets */,
			);
			path = "Preview Content";
			sourceTree = "<group>";
		};
		24662E2526A99640003228B4 /* App */ = {
			isa = PBXGroup;
			children = (
				24662DEA26A995E0003228B4 /* PomodoroTimerApp.swift */,
				24662DEC26A995E0003228B4 /* ContentView.swift */,
			);
			path = App;
			sourceTree = "<group>";
		};
		24662E2626A9964D003228B4 /* View */ = {
			isa = PBXGroup;
			children = (
				24662E3526AD6C31003228B4 /* RoomCardView.swift */,
				24662E2D26AD685A003228B4 /* TimerView.swift */,
				2480320926AFCE73005F137E /* TimeView.swift */,
				24AA7FEB26B3BEA2005B9367 /* SettingsView.swift */,
				2480320B26B01FD2005F137E /* PomodoroView.swift */,
				24662E3E26AEAFD7003228B4 /* PickerView.swift */,
				24662E4226AF830D003228B4 /* ProgressBarView.swift */,
				24662E3826AE9CB6003228B4 /* EnteringButtonView.swift */,
				24662E4026AEBAF7003228B4 /* StartButtonView.swift */,
				24662E4426AF86B2003228B4 /* StopButtonView.swift */,
				245AF47226B12A6E0094F1EC /* PauseButtonView.swift */,
				245AF47426B15BBC0094F1EC /* restartButtonView.swift */,
				24AA7FF126B3E8D3005B9367 /* BackButtonView.swift */,
				24AA7FED26B3C0A9005B9367 /* SettingsButtonView.swift */,
				245AF47626B273E10094F1EC /* FinishPomodoroView.swift */,
				24AA7FEF26B3CAFD005B9367 /* BGColorView.swift */,
				24749E9C26B4DADA00C2870A /* 海.mp3 */,
				24749E9A26B4D95200C2870A /* 森.mp3 */,
				24749E9E26B4DAE600C2870A /* 火.mp3 */,
				24749EA026B4DAF000C2870A /* 休憩.mp3 */,
			);
			path = View;
			sourceTree = "<group>";
		};
		24662E2726A9965B003228B4 /* Model */ = {
			isa = PBXGroup;
			children = (
				24662E2826A996C6003228B4 /* TimerModel.swift */,
				24662E2B26A99AB6003228B4 /* TimerStatus.swift */,
				24662E3126AD6955003228B4 /* RoomModel.swift */,
				2447ADA226B3752F0055E075 /* SoundModel.swift */,
			);
			path = Model;
			sourceTree = "<group>";
		};
		24662E2A26A997F5003228B4 /* Data */ = {
			isa = PBXGroup;
			children = (
				24662E3326AD69FE003228B4 /* RoomData.swift */,
			);
			path = Data;
			sourceTree = "<group>";
		};
/* End PBXGroup section */

/* Begin PBXNativeTarget section */
		24662DE626A995E0003228B4 /* PomodoroTimer */ = {
			isa = PBXNativeTarget;
			buildConfigurationList = 24662E2226A995E2003228B4 /* Build configuration list for PBXNativeTarget "PomodoroTimer" */;
			buildPhases = (
				24662DE326A995E0003228B4 /* Sources */,
				24662DE426A995E0003228B4 /* Frameworks */,
				24662DE526A995E0003228B4 /* Resources */,
				24662E2126A995E2003228B4 /* Embed Watch Content */,
			);
			buildRules = (
			);
			dependencies = (
			);
			name = PomodoroTimer;
			productName = PomodoroTimer;
			productReference = 24662DE726A995E0003228B4 /* PomodoroTimer.app */;
			productType = "com.apple.product-type.application";
		};
/* End PBXNativeTarget section */

/* Begin PBXProject section */
		24662DDF26A995DF003228B4 /* Project object */ = {
			isa = PBXProject;
			attributes = {
				LastSwiftUpdateCheck = 1250;
				LastUpgradeCheck = 1250;
				TargetAttributes = {
					24662DE626A995E0003228B4 = {
						CreatedOnToolsVersion = 12.5.1;
					};
				};
			};
			buildConfigurationList = 24662DE226A995DF003228B4 /* Build configuration list for PBXProject "PomodoroTimer" */;
			compatibilityVersion = "Xcode 9.3";
			developmentRegion = en;
			hasScannedForEncodings = 0;
			knownRegions = (
				en,
				Base,
			);
			mainGroup = 24662DDE26A995DF003228B4;
			productRefGroup = 24662DE826A995E0003228B4 /* Products */;
			projectDirPath = "";
			projectRoot = "";
			targets = (
				24662DE626A995E0003228B4 /* PomodoroTimer */,
			);
		};
/* End PBXProject section */

/* Begin PBXResourcesBuildPhase section */
		24662DE526A995E0003228B4 /* Resources */ = {
			isa = PBXResourcesBuildPhase;
			buildActionMask = 2147483647;
			files = (
				24749E9B26B4D95200C2870A /* 森.mp3 in Resources */,
				24749E9F26B4DAE600C2870A /* 火.mp3 in Resources */,
				24662DF226A995E0003228B4 /* Preview Assets.xcassets in Resources */,
				24749E9D26B4DADA00C2870A /* 海.mp3 in Resources */,
				24749EA126B4DAF000C2870A /* 休憩.mp3 in Resources */,
				24662DEF26A995E0003228B4 /* Assets.xcassets in Resources */,
			);
			runOnlyForDeploymentPostprocessing = 0;
		};
/* End PBXResourcesBuildPhase section */

/* Begin PBXSourcesBuildPhase section */
		24662DE326A995E0003228B4 /* Sources */ = {
			isa = PBXSourcesBuildPhase;
			buildActionMask = 2147483647;
			files = (
				245AF47526B15BBC0094F1EC /* restartButtonView.swift in Sources */,
				24AA7FF026B3CAFD005B9367 /* BGColorView.swift in Sources */,
				2480320C26B01FD2005F137E /* PomodoroView.swift in Sources */,
				24662E3226AD6955003228B4 /* RoomModel.swift in Sources */,
				24662E4526AF86B2003228B4 /* StopButtonView.swift in Sources */,
				245AF47726B273E10094F1EC /* FinishPomodoroView.swift in Sources */,
				24AA7FEC26B3BEA2005B9367 /* SettingsView.swift in Sources */,
				2480320A26AFCE73005F137E /* TimeView.swift in Sources */,
				245AF47326B12A6E0094F1EC /* PauseButtonView.swift in Sources */,
				24662E3426AD69FE003228B4 /* RoomData.swift in Sources */,
				24662E3926AE9CB6003228B4 /* EnteringButtonView.swift in Sources */,
				24662E2E26AD685A003228B4 /* TimerView.swift in Sources */,
				24662E3F26AEAFD7003228B4 /* PickerView.swift in Sources */,
				2447ADA326B3752F0055E075 /* SoundModel.swift in Sources */,
				24662E2926A996C6003228B4 /* TimerModel.swift in Sources */,
				24AA7FF226B3E8D3005B9367 /* BackButtonView.swift in Sources */,
				24662DED26A995E0003228B4 /* ContentView.swift in Sources */,
				24662DEB26A995E0003228B4 /* PomodoroTimerApp.swift in Sources */,
				24662E4126AEBAF7003228B4 /* StartButtonView.swift in Sources */,
				24662E2C26A99AB6003228B4 /* TimerStatus.swift in Sources */,
				24662E4326AF830D003228B4 /* ProgressBarView.swift in Sources */,
				24AA7FEE26B3C0A9005B9367 /* SettingsButtonView.swift in Sources */,
				24662E3626AD6C31003228B4 /* RoomCardView.swift in Sources */,
			);
			runOnlyForDeploymentPostprocessing = 0;
		};
/* End PBXSourcesBuildPhase section */

/* Begin XCBuildConfiguration section */
		24662E1826A995E2003228B4 /* Debug */ = {
			isa = XCBuildConfiguration;
			buildSettings = {
				ALWAYS_SEARCH_USER_PATHS = NO;
				CLANG_ANALYZER_NONNULL = YES;
				CLANG_ANALYZER_NUMBER_OBJECT_CONVERSION = YES_AGGRESSIVE;
				CLANG_CXX_LANGUAGE_STANDARD = "gnu++14";
				CLANG_CXX_LIBRARY = "libc++";
				CLANG_ENABLE_MODULES = YES;
				CLANG_ENABLE_OBJC_ARC = YES;
				CLANG_ENABLE_OBJC_WEAK = YES;
				CLANG_WARN_BLOCK_CAPTURE_AUTORELEASING = YES;
				CLANG_WARN_BOOL_CONVERSION = YES;
				CLANG_WARN_COMMA = YES;
				CLANG_WARN_CONSTANT_CONVERSION = YES;
				CLANG_WARN_DEPRECATED_OBJC_IMPLEMENTATIONS = YES;
				CLANG_WARN_DIRECT_OBJC_ISA_USAGE = YES_ERROR;
				CLANG_WARN_DOCUMENTATION_COMMENTS = YES;
				CLANG_WARN_EMPTY_BODY = YES;
				CLANG_WARN_ENUM_CONVERSION = YES;
				CLANG_WARN_INFINITE_RECURSION = YES;
				CLANG_WARN_INT_CONVERSION = YES;
				CLANG_WARN_NON_LITERAL_NULL_CONVERSION = YES;
				CLANG_WARN_OBJC_IMPLICIT_RETAIN_SELF = YES;
				CLANG_WARN_OBJC_LITERAL_CONVERSION = YES;
				CLANG_WARN_OBJC_ROOT_CLASS = YES_ERROR;
				CLANG_WARN_QUOTED_INCLUDE_IN_FRAMEWORK_HEADER = YES;
				CLANG_WARN_RANGE_LOOP_ANALYSIS = YES;
				CLANG_WARN_STRICT_PROTOTYPES = YES;
				CLANG_WARN_SUSPICIOUS_MOVE = YES;
				CLANG_WARN_UNGUARDED_AVAILABILITY = YES_AGGRESSIVE;
				CLANG_WARN_UNREACHABLE_CODE = YES;
				CLANG_WARN__DUPLICATE_METHOD_MATCH = YES;
				COPY_PHASE_STRIP = NO;
				DEBUG_INFORMATION_FORMAT = dwarf;
				ENABLE_STRICT_OBJC_MSGSEND = YES;
				ENABLE_TESTABILITY = YES;
				GCC_C_LANGUAGE_STANDARD = gnu11;
				GCC_DYNAMIC_NO_PIC = NO;
				GCC_NO_COMMON_BLOCKS = YES;
				GCC_OPTIMIZATION_LEVEL = 0;
				GCC_PREPROCESSOR_DEFINITIONS = (
					"DEBUG=1",
					"$(inherited)",
				);
				GCC_WARN_64_TO_32_BIT_CONVERSION = YES;
				GCC_WARN_ABOUT_RETURN_TYPE = YES_ERROR;
				GCC_WARN_UNDECLARED_SELECTOR = YES;
				GCC_WARN_UNINITIALIZED_AUTOS = YES_AGGRESSIVE;
				GCC_WARN_UNUSED_FUNCTION = YES;
				GCC_WARN_UNUSED_VARIABLE = YES;
				IPHONEOS_DEPLOYMENT_TARGET = 14.5;
				MTL_ENABLE_DEBUG_INFO = INCLUDE_SOURCE;
				MTL_FAST_MATH = YES;
				ONLY_ACTIVE_ARCH = YES;
				SWIFT_ACTIVE_COMPILATION_CONDITIONS = DEBUG;
				SWIFT_OPTIMIZATION_LEVEL = "-Onone";
			};
			name = Debug;
		};
		24662E1926A995E2003228B4 /* Release */ = {
			isa = XCBuildConfiguration;
			buildSettings = {
				ALWAYS_SEARCH_USER_PATHS = NO;
				CLANG_ANALYZER_NONNULL = YES;
				CLANG_ANALYZER_NUMBER_OBJECT_CONVERSION = YES_AGGRESSIVE;
				CLANG_CXX_LANGUAGE_STANDARD = "gnu++14";
				CLANG_CXX_LIBRARY = "libc++";
				CLANG_ENABLE_MODULES = YES;
				CLANG_ENABLE_OBJC_ARC = YES;
				CLANG_ENABLE_OBJC_WEAK = YES;
				CLANG_WARN_BLOCK_CAPTURE_AUTORELEASING = YES;
				CLANG_WARN_BOOL_CONVERSION = YES;
				CLANG_WARN_COMMA = YES;
				CLANG_WARN_CONSTANT_CONVERSION = YES;
				CLANG_WARN_DEPRECATED_OBJC_IMPLEMENTATIONS = YES;
				CLANG_WARN_DIRECT_OBJC_ISA_USAGE = YES_ERROR;
				CLANG_WARN_DOCUMENTATION_COMMENTS = YES;
				CLANG_WARN_EMPTY_BODY = YES;
				CLANG_WARN_ENUM_CONVERSION = YES;
				CLANG_WARN_INFINITE_RECURSION = YES;
				CLANG_WARN_INT_CONVERSION = YES;
				CLANG_WARN_NON_LITERAL_NULL_CONVERSION = YES;
				CLANG_WARN_OBJC_IMPLICIT_RETAIN_SELF = YES;
				CLANG_WARN_OBJC_LITERAL_CONVERSION = YES;
				CLANG_WARN_OBJC_ROOT_CLASS = YES_ERROR;
				CLANG_WARN_QUOTED_INCLUDE_IN_FRAMEWORK_HEADER = YES;
				CLANG_WARN_RANGE_LOOP_ANALYSIS = YES;
				CLANG_WARN_STRICT_PROTOTYPES = YES;
				CLANG_WARN_SUSPICIOUS_MOVE = YES;
				CLANG_WARN_UNGUARDED_AVAILABILITY = YES_AGGRESSIVE;
				CLANG_WARN_UNREACHABLE_CODE = YES;
				CLANG_WARN__DUPLICATE_METHOD_MATCH = YES;
				COPY_PHASE_STRIP = NO;
				DEBUG_INFORMATION_FORMAT = "dwarf-with-dsym";
				ENABLE_NS_ASSERTIONS = NO;
				ENABLE_STRICT_OBJC_MSGSEND = YES;
				GCC_C_LANGUAGE_STANDARD = gnu11;
				GCC_NO_COMMON_BLOCKS = YES;
				GCC_WARN_64_TO_32_BIT_CONVERSION = YES;
				GCC_WARN_ABOUT_RETURN_TYPE = YES_ERROR;
				GCC_WARN_UNDECLARED_SELECTOR = YES;
				GCC_WARN_UNINITIALIZED_AUTOS = YES_AGGRESSIVE;
				GCC_WARN_UNUSED_FUNCTION = YES;
				GCC_WARN_UNUSED_VARIABLE = YES;
				IPHONEOS_DEPLOYMENT_TARGET = 14.5;
				MTL_ENABLE_DEBUG_INFO = NO;
				MTL_FAST_MATH = YES;
				SWIFT_COMPILATION_MODE = wholemodule;
				SWIFT_OPTIMIZATION_LEVEL = "-O";
			};
			name = Release;
		};
		24662E2326A995E2003228B4 /* Debug */ = {
			isa = XCBuildConfiguration;
			buildSettings = {
				ASSETCATALOG_COMPILER_APPICON_NAME = AppIcon;
				ASSETCATALOG_COMPILER_GLOBAL_ACCENT_COLOR_NAME = AccentColor;
				CODE_SIGN_STYLE = Automatic;
				DEVELOPMENT_ASSET_PATHS = "\"PomodoroTimer/Preview Content\"";
				DEVELOPMENT_TEAM = J3B8BJ7VUB;
				ENABLE_PREVIEWS = YES;
				INFOPLIST_FILE = PomodoroTimer/Info.plist;
				IPHONEOS_DEPLOYMENT_TARGET = 14.5;
				LD_RUNPATH_SEARCH_PATHS = (
					"$(inherited)",
					"@executable_path/Frameworks",
				);
				PRODUCT_BUNDLE_IDENTIFIER = com.tsuchinoko.PomodoroTimer;
				PRODUCT_NAME = "$(TARGET_NAME)";
				SDKROOT = iphoneos;
				SWIFT_VERSION = 5.0;
				TARGETED_DEVICE_FAMILY = "1,2";
			};
			name = Debug;
		};
		24662E2426A995E2003228B4 /* Release */ = {
			isa = XCBuildConfiguration;
			buildSettings = {
				ASSETCATALOG_COMPILER_APPICON_NAME = AppIcon;
				ASSETCATALOG_COMPILER_GLOBAL_ACCENT_COLOR_NAME = AccentColor;
				CODE_SIGN_STYLE = Automatic;
				DEVELOPMENT_ASSET_PATHS = "\"PomodoroTimer/Preview Content\"";
				DEVELOPMENT_TEAM = J3B8BJ7VUB;
				ENABLE_PREVIEWS = YES;
				INFOPLIST_FILE = PomodoroTimer/Info.plist;
				IPHONEOS_DEPLOYMENT_TARGET = 14.5;
				LD_RUNPATH_SEARCH_PATHS = (
					"$(inherited)",
					"@executable_path/Frameworks",
				);
				PRODUCT_BUNDLE_IDENTIFIER = com.tsuchinoko.PomodoroTimer;
				PRODUCT_NAME = "$(TARGET_NAME)";
				SDKROOT = iphoneos;
				SWIFT_VERSION = 5.0;
				TARGETED_DEVICE_FAMILY = "1,2";
				VALIDATE_PRODUCT = YES;
			};
			name = Release;
		};
/* End XCBuildConfiguration section */

/* Begin XCConfigurationList section */
		24662DE226A995DF003228B4 /* Build configuration list for PBXProject "PomodoroTimer" */ = {
			isa = XCConfigurationList;
			buildConfigurations = (
				24662E1826A995E2003228B4 /* Debug */,
				24662E1926A995E2003228B4 /* Release */,
			);
			defaultConfigurationIsVisible = 0;
			defaultConfigurationName = Release;
		};
		24662E2226A995E2003228B4 /* Build configuration list for PBXNativeTarget "PomodoroTimer" */ = {
			isa = XCConfigurationList;
			buildConfigurations = (
				24662E2326A995E2003228B4 /* Debug */,
				24662E2426A995E2003228B4 /* Release */,
			);
			defaultConfigurationIsVisible = 0;
			defaultConfigurationName = Release;
		};
/* End XCConfigurationList section */
	};
	rootObject = 24662DDF26A995DF003228B4 /* Project object */;
}
